
Microsoft Visual Studio Solution File, Format Version 12.00
# Visual Studio Version 17
VisualStudioVersion = 17.0.31903.59
MinimumVisualStudioVersion = 10.0.40219.1
Project("{9A19103F-16F7-4668-BE54-9A1E7A4F7556}") = "Identity", "Identity\Identity.csproj", "{B464BE35-96F1-4956-A4E7-6CA27E495725}"
EndProject
Project("{2150E333-8FDC-42A3-9474-1A3956D46DE8}") = "Services", "Services", "{1BB8543F-10FF-4525-B4EE-37B645D2F39C}"
EndProject
Project("{2150E333-8FDC-42A3-9474-1A3956D46DE8}") = "BuildingBlocks", "BuildingBlocks", "{C8158CDA-AD96-41D6-BD24-48BB1D3EC122}"
EndProject
Project("{9A19103F-16F7-4668-BE54-9A1E7A4F7556}") = "Core", "Core\Core.csproj", "{BDCB6FE0-AEDB-4911-886D-D53B9CE32DB8}"
EndProject
Project("{2150E333-8FDC-42A3-9474-1A3956D46DE8}") = "IdentityProject", "IdentityProject", "{2DB18D6C-5DA1-4D16-A92B-B3EEC46AA29A}"
EndProject
Project("{FAE04EC0-301F-11D3-BF4B-00C04F79EFBC}") = "Article.API", "Article.API\Article.API.csproj", "{42AF28E6-3500-4791-96E5-5860639ED0B3}"
EndProject
Project("{2150E333-8FDC-42A3-9474-1A3956D46DE8}") = "Article", "Article", "{428648BB-BB3E-4BF9-919E-135C283F80C7}"
EndProject
Project("{2150E333-8FDC-42A3-9474-1A3956D46DE8}") = "WebApps", "WebApps", "{F24F82DF-F201-414A-B932-263AABF172F0}"
EndProject
Project("{2150E333-8FDC-42A3-9474-1A3956D46DE8}") = "ClientShop", "ClientShop", "{E8E5AAA5-392C-4239-91F8-BFA6B22881E4}"
EndProject
Global
	GlobalSection(SolutionConfigurationPlatforms) = preSolution
		Debug|Any CPU = Debug|Any CPU
		Release|Any CPU = Release|Any CPU
	EndGlobalSection
	GlobalSection(ProjectConfigurationPlatforms) = postSolution
		{B464BE35-96F1-4956-A4E7-6CA27E495725}.Debug|Any CPU.ActiveCfg = Debug|Any CPU
		{B464BE35-96F1-4956-A4E7-6CA27E495725}.Debug|Any CPU.Build.0 = Debug|Any CPU
		{B464BE35-96F1-4956-A4E7-6CA27E495725}.Release|Any CPU.ActiveCfg = Release|Any CPU
		{B464BE35-96F1-4956-A4E7-6CA27E495725}.Release|Any CPU.Build.0 = Release|Any CPU
		{BDCB6FE0-AEDB-4911-886D-D53B9CE32DB8}.Debug|Any CPU.ActiveCfg = Debug|Any CPU
		{BDCB6FE0-AEDB-4911-886D-D53B9CE32DB8}.Debug|Any CPU.Build.0 = Debug|Any CPU
		{BDCB6FE0-AEDB-4911-886D-D53B9CE32DB8}.Release|Any CPU.ActiveCfg = Release|Any CPU
		{BDCB6FE0-AEDB-4911-886D-D53B9CE32DB8}.Release|Any CPU.Build.0 = Release|Any CPU
		{42AF28E6-3500-4791-96E5-5860639ED0B3}.Debug|Any CPU.ActiveCfg = Debug|Any CPU
		{42AF28E6-3500-4791-96E5-5860639ED0B3}.Debug|Any CPU.Build.0 = Debug|Any CPU
		{42AF28E6-3500-4791-96E5-5860639ED0B3}.Release|Any CPU.ActiveCfg = Release|Any CPU
		{42AF28E6-3500-4791-96E5-5860639ED0B3}.Release|Any CPU.Build.0 = Release|Any CPU
	EndGlobalSection
	GlobalSection(SolutionProperties) = preSolution
		HideSolutionNode = FALSE
	EndGlobalSection
	GlobalSection(NestedProjects) = preSolution
		{B464BE35-96F1-4956-A4E7-6CA27E495725} = {2DB18D6C-5DA1-4D16-A92B-B3EEC46AA29A}
		{BDCB6FE0-AEDB-4911-886D-D53B9CE32DB8} = {C8158CDA-AD96-41D6-BD24-48BB1D3EC122}
		{2DB18D6C-5DA1-4D16-A92B-B3EEC46AA29A} = {1BB8543F-10FF-4525-B4EE-37B645D2F39C}
		{42AF28E6-3500-4791-96E5-5860639ED0B3} = {428648BB-BB3E-4BF9-919E-135C283F80C7}
		{428648BB-BB3E-4BF9-919E-135C283F80C7} = {1BB8543F-10FF-4525-B4EE-37B645D2F39C}
		{E8E5AAA5-392C-4239-91F8-BFA6B22881E4} = {F24F82DF-F201-414A-B932-263AABF172F0}
	EndGlobalSection
	GlobalSection(ExtensibilityGlobals) = postSolution
		SolutionGuid = {2D5B82D6-DC6A-4409-9A12-640BEB5631D8}
	EndGlobalSection
EndGlobal
