
Microsoft Visual Studio Solution File, Format Version 12.00
# Visual Studio Version 17
VisualStudioVersion = 17.0.31903.59
MinimumVisualStudioVersion = 10.0.40219.1
Project("{9A19103F-16F7-4668-BE54-9A1E7A4F7556}") = "Identity", "Identity\Identity.csproj", "{B464BE35-96F1-4956-A4E7-6CA27E495725}"
EndProject
Project("{2150E333-8FDC-42A3-9474-1A3956D46DE8}") = "Services", "Services", "{1BB8543F-10FF-4525-B4EE-37B645D2F39C}"
EndProject
Project("{2150E333-8FDC-42A3-9474-1A3956D46DE8}") = "BuildingBlocks", "BuildingBlocks", "{C8158CDA-AD96-41D6-BD24-48BB1D3EC122}"
EndProject
Project("{9A19103F-16F7-4668-BE54-9A1E7A4F7556}") = "Core", "Core\Core.csproj", "{BDCB6FE0-AEDB-4911-886D-D53B9CE32DB8}"
EndProject
Project("{2150E333-8FDC-42A3-9474-1A3956D46DE8}") = "IdentityProject", "IdentityProject", "{2DB18D6C-5DA1-4D16-A92B-B3EEC46AA29A}"
EndProject
Project("{2150E333-8FDC-42A3-9474-1A3956D46DE8}") = "WebApps", "WebApps", "{F24F82DF-F201-414A-B932-263AABF172F0}"
EndProject
Project("{2150E333-8FDC-42A3-9474-1A3956D46DE8}") = "ClientShop", "ClientShop", "{E8E5AAA5-392C-4239-91F8-BFA6B22881E4}"
EndProject
Project("{2150E333-8FDC-42A3-9474-1A3956D46DE8}") = "Solution Items", "Solution Items", "{79AB219F-CC50-40CC-9BE9-E2327DD155AC}"
EndProject
Project("{9A19103F-16F7-4668-BE54-9A1E7A4F7556}") = "Utilities", "Utilities\Utilities.csproj", "{3AEE0A2E-62F5-4FCC-8A62-D1B1EDBCCA52}"
EndProject
Project("{9A19103F-16F7-4668-BE54-9A1E7A4F7556}") = "Workspaces.Api", "WorkspacesApi\Workspaces.Api.csproj", "{48545C87-F5EA-455F-B805-DA47014751F0}"
EndProject
Project("{2150E333-8FDC-42A3-9474-1A3956D46DE8}") = "Workspaces", "Workspaces", "{3D2AB679-E3F8-44C5-B453-297DFA3AC4EE}"
EndProject
Project("{9A19103F-16F7-4668-BE54-9A1E7A4F7556}") = "Workspaces.Core", "Workspaces.Core\Workspaces.Core.csproj", "{CCF877EE-3340-42BB-A108-499B1E03EE2F}"
EndProject
Project("{9A19103F-16F7-4668-BE54-9A1E7A4F7556}") = "Workspaces.Infrastructure", "Workspaces.Infrastructure\Workspaces.Infrastructure.csproj", "{8AD43B2E-64D4-48A8-8C67-57FEF893399D}"
EndProject
Project("{9A19103F-16F7-4668-BE54-9A1E7A4F7556}") = "Workspaces.Application", "Workspaces.Application\Workspaces.Application.csproj", "{2318B2F6-8DD2-40CD-AF41-8466018D6460}"
EndProject
Project("{2150E333-8FDC-42A3-9474-1A3956D46DE8}") = "Cards", "Cards", "{71D8F4C1-1D02-4139-AD39-040ADAFD02D8}"
EndProject
Project("{9A19103F-16F7-4668-BE54-9A1E7A4F7556}") = "Cards.API", "Cards.API\Cards.API.csproj", "{D694002E-5283-4927-87EE-021490266E69}"
EndProject
Global
	GlobalSection(SolutionConfigurationPlatforms) = preSolution
		Debug|Any CPU = Debug|Any CPU
		Release|Any CPU = Release|Any CPU
	EndGlobalSection
	GlobalSection(ProjectConfigurationPlatforms) = postSolution
		{B464BE35-96F1-4956-A4E7-6CA27E495725}.Debug|Any CPU.ActiveCfg = Debug|Any CPU
		{B464BE35-96F1-4956-A4E7-6CA27E495725}.Debug|Any CPU.Build.0 = Debug|Any CPU
		{B464BE35-96F1-4956-A4E7-6CA27E495725}.Release|Any CPU.ActiveCfg = Release|Any CPU
		{B464BE35-96F1-4956-A4E7-6CA27E495725}.Release|Any CPU.Build.0 = Release|Any CPU
		{BDCB6FE0-AEDB-4911-886D-D53B9CE32DB8}.Debug|Any CPU.ActiveCfg = Debug|Any CPU
		{BDCB6FE0-AEDB-4911-886D-D53B9CE32DB8}.Debug|Any CPU.Build.0 = Debug|Any CPU
		{BDCB6FE0-AEDB-4911-886D-D53B9CE32DB8}.Release|Any CPU.ActiveCfg = Release|Any CPU
		{BDCB6FE0-AEDB-4911-886D-D53B9CE32DB8}.Release|Any CPU.Build.0 = Release|Any CPU
		{3AEE0A2E-62F5-4FCC-8A62-D1B1EDBCCA52}.Debug|Any CPU.ActiveCfg = Debug|Any CPU
		{3AEE0A2E-62F5-4FCC-8A62-D1B1EDBCCA52}.Debug|Any CPU.Build.0 = Debug|Any CPU
		{3AEE0A2E-62F5-4FCC-8A62-D1B1EDBCCA52}.Release|Any CPU.ActiveCfg = Release|Any CPU
		{3AEE0A2E-62F5-4FCC-8A62-D1B1EDBCCA52}.Release|Any CPU.Build.0 = Release|Any CPU
		{48545C87-F5EA-455F-B805-DA47014751F0}.Debug|Any CPU.ActiveCfg = Debug|Any CPU
		{48545C87-F5EA-455F-B805-DA47014751F0}.Debug|Any CPU.Build.0 = Debug|Any CPU
		{48545C87-F5EA-455F-B805-DA47014751F0}.Release|Any CPU.ActiveCfg = Release|Any CPU
		{48545C87-F5EA-455F-B805-DA47014751F0}.Release|Any CPU.Build.0 = Release|Any CPU
		{CCF877EE-3340-42BB-A108-499B1E03EE2F}.Debug|Any CPU.ActiveCfg = Debug|Any CPU
		{CCF877EE-3340-42BB-A108-499B1E03EE2F}.Debug|Any CPU.Build.0 = Debug|Any CPU
		{CCF877EE-3340-42BB-A108-499B1E03EE2F}.Release|Any CPU.ActiveCfg = Release|Any CPU
		{CCF877EE-3340-42BB-A108-499B1E03EE2F}.Release|Any CPU.Build.0 = Release|Any CPU
		{8AD43B2E-64D4-48A8-8C67-57FEF893399D}.Debug|Any CPU.ActiveCfg = Debug|Any CPU
		{8AD43B2E-64D4-48A8-8C67-57FEF893399D}.Debug|Any CPU.Build.0 = Debug|Any CPU
		{8AD43B2E-64D4-48A8-8C67-57FEF893399D}.Release|Any CPU.ActiveCfg = Release|Any CPU
		{8AD43B2E-64D4-48A8-8C67-57FEF893399D}.Release|Any CPU.Build.0 = Release|Any CPU
		{2318B2F6-8DD2-40CD-AF41-8466018D6460}.Debug|Any CPU.ActiveCfg = Debug|Any CPU
		{2318B2F6-8DD2-40CD-AF41-8466018D6460}.Debug|Any CPU.Build.0 = Debug|Any CPU
		{2318B2F6-8DD2-40CD-AF41-8466018D6460}.Release|Any CPU.ActiveCfg = Release|Any CPU
		{2318B2F6-8DD2-40CD-AF41-8466018D6460}.Release|Any CPU.Build.0 = Release|Any CPU
		{D694002E-5283-4927-87EE-021490266E69}.Debug|Any CPU.ActiveCfg = Debug|Any CPU
		{D694002E-5283-4927-87EE-021490266E69}.Debug|Any CPU.Build.0 = Debug|Any CPU
		{D694002E-5283-4927-87EE-021490266E69}.Release|Any CPU.ActiveCfg = Release|Any CPU
		{D694002E-5283-4927-87EE-021490266E69}.Release|Any CPU.Build.0 = Release|Any CPU
	EndGlobalSection
	GlobalSection(SolutionProperties) = preSolution
		HideSolutionNode = FALSE
	EndGlobalSection
	GlobalSection(NestedProjects) = preSolution
		{B464BE35-96F1-4956-A4E7-6CA27E495725} = {2DB18D6C-5DA1-4D16-A92B-B3EEC46AA29A}
		{BDCB6FE0-AEDB-4911-886D-D53B9CE32DB8} = {C8158CDA-AD96-41D6-BD24-48BB1D3EC122}
		{2DB18D6C-5DA1-4D16-A92B-B3EEC46AA29A} = {1BB8543F-10FF-4525-B4EE-37B645D2F39C}
		{E8E5AAA5-392C-4239-91F8-BFA6B22881E4} = {F24F82DF-F201-414A-B932-263AABF172F0}
		{3AEE0A2E-62F5-4FCC-8A62-D1B1EDBCCA52} = {C8158CDA-AD96-41D6-BD24-48BB1D3EC122}
		{48545C87-F5EA-455F-B805-DA47014751F0} = {3D2AB679-E3F8-44C5-B453-297DFA3AC4EE}
		{3D2AB679-E3F8-44C5-B453-297DFA3AC4EE} = {1BB8543F-10FF-4525-B4EE-37B645D2F39C}
		{CCF877EE-3340-42BB-A108-499B1E03EE2F} = {3D2AB679-E3F8-44C5-B453-297DFA3AC4EE}
		{8AD43B2E-64D4-48A8-8C67-57FEF893399D} = {3D2AB679-E3F8-44C5-B453-297DFA3AC4EE}
		{2318B2F6-8DD2-40CD-AF41-8466018D6460} = {3D2AB679-E3F8-44C5-B453-297DFA3AC4EE}
		{71D8F4C1-1D02-4139-AD39-040ADAFD02D8} = {1BB8543F-10FF-4525-B4EE-37B645D2F39C}
		{D694002E-5283-4927-87EE-021490266E69} = {71D8F4C1-1D02-4139-AD39-040ADAFD02D8}
	EndGlobalSection
	GlobalSection(ExtensibilityGlobals) = postSolution
		SolutionGuid = {2D5B82D6-DC6A-4409-9A12-640BEB5631D8}
	EndGlobalSection
EndGlobal
